// !$*UTF8*$!
{
	archiveVersion = 1;
	classes = {
	};
	objectVersion = 48;
	objects = {

/* Begin PBXBuildFile section */
		6A0DED181F79E5D800C13BF2 /* ZFCipherGroup.m in Sources */ = {isa = PBXBuildFile; fileRef = 6A0DED171F79E5D800C13BF2 /* ZFCipherGroup.m */; };
		6A0DED1D1F79F1CB00C13BF2 /* Reachability.m in Sources */ = {isa = PBXBuildFile; fileRef = 6A0DED1C1F79ED8C00C13BF2 /* Reachability.m */; };
		6A360E3B1F78D9480024A9E7 /* Foundation.framework in Frameworks */ = {isa = PBXBuildFile; fileRef = 6A360E3A1F78D9480024A9E7 /* Foundation.framework */; };
		6AA914271F78B7A80070D7AB /* AppDelegate.m in Sources */ = {isa = PBXBuildFile; fileRef = 6AA914261F78B7A80070D7AB /* AppDelegate.m */; };
		6AA9142A1F78B7A80070D7AB /* ViewController.m in Sources */ = {isa = PBXBuildFile; fileRef = 6AA914291F78B7A80070D7AB /* ViewController.m */; };
		6AA9142D1F78B7A80070D7AB /* Main.storyboard in Resources */ = {isa = PBXBuildFile; fileRef = 6AA9142B1F78B7A80070D7AB /* Main.storyboard */; };
		6AA9142F1F78B7A80070D7AB /* Assets.xcassets in Resources */ = {isa = PBXBuildFile; fileRef = 6AA9142E1F78B7A80070D7AB /* Assets.xcassets */; };
		6AA914321F78B7A80070D7AB /* LaunchScreen.storyboard in Resources */ = {isa = PBXBuildFile; fileRef = 6AA914301F78B7A80070D7AB /* LaunchScreen.storyboard */; };
		6AA914351F78B7A80070D7AB /* main.m in Sources */ = {isa = PBXBuildFile; fileRef = 6AA914341F78B7A80070D7AB /* main.m */; };
		6AA9145A1F78C1E00070D7AB /* ZFCipher.m in Sources */ = {isa = PBXBuildFile; fileRef = 6AA914591F78C1E00070D7AB /* ZFCipher.m */; };
		6AA9145D1F78C2220070D7AB /* ZFBaseModel.m in Sources */ = {isa = PBXBuildFile; fileRef = 6AA9145C1F78C2220070D7AB /* ZFBaseModel.m */; };
		6AEF99CB1F81D8C300C4C1ED /* SystemConfiguration.framework in Frameworks */ = {isa = PBXBuildFile; fileRef = 6A0DED191F79ECBE00C13BF2 /* SystemConfiguration.framework */; };
		6AEF99CE1F81DB9B00C4C1ED /* ZFCipherView.m in Sources */ = {isa = PBXBuildFile; fileRef = 6AEF99CD1F81DB9B00C4C1ED /* ZFCipherView.m */; };
		6AEF99D11F8204C600C4C1ED /* ZFCipherViewCell.m in Sources */ = {isa = PBXBuildFile; fileRef = 6AEF99D01F8204C600C4C1ED /* ZFCipherViewCell.m */; };
		6AEF99D41F832FC700C4C1ED /* ZFCipherFileHandle.m in Sources */ = {isa = PBXBuildFile; fileRef = 6AEF99D31F832FC700C4C1ED /* ZFCipherFileHandle.m */; };
/* End PBXBuildFile section */

/* Begin PBXFileReference section */
		6A0DED161F79E5D800C13BF2 /* ZFCipherGroup.h */ = {isa = PBXFileReference; lastKnownFileType = sourcecode.c.h; path = ZFCipherGroup.h; sourceTree = "<group>"; };
		6A0DED171F79E5D800C13BF2 /* ZFCipherGroup.m */ = {isa = PBXFileReference; lastKnownFileType = sourcecode.c.objc; path = ZFCipherGroup.m; sourceTree = "<group>"; };
		6A0DED191F79ECBE00C13BF2 /* SystemConfiguration.framework */ = {isa = PBXFileReference; lastKnownFileType = wrapper.framework; name = SystemConfiguration.framework; path = System/Library/Frameworks/SystemConfiguration.framework; sourceTree = SDKROOT; };
		6A0DED1B1F79ED8B00C13BF2 /* Reachability.h */ = {isa = PBXFileReference; lastKnownFileType = sourcecode.c.h; path = Reachability.h; sourceTree = "<group>"; };
		6A0DED1C1F79ED8C00C13BF2 /* Reachability.m */ = {isa = PBXFileReference; lastKnownFileType = sourcecode.c.objc; path = Reachability.m; sourceTree = "<group>"; };
		6A360E3A1F78D9480024A9E7 /* Foundation.framework */ = {isa = PBXFileReference; lastKnownFileType = wrapper.framework; name = Foundation.framework; path = System/Library/Frameworks/Foundation.framework; sourceTree = SDKROOT; };
		6AA914221F78B7A80070D7AB /* CipherBook.app */ = {isa = PBXFileReference; explicitFileType = wrapper.application; includeInIndex = 0; path = CipherBook.app; sourceTree = BUILT_PRODUCTS_DIR; };
		6AA914251F78B7A80070D7AB /* AppDelegate.h */ = {isa = PBXFileReference; lastKnownFileType = sourcecode.c.h; path = AppDelegate.h; sourceTree = "<group>"; };
		6AA914261F78B7A80070D7AB /* AppDelegate.m */ = {isa = PBXFileReference; lastKnownFileType = sourcecode.c.objc; path = AppDelegate.m; sourceTree = "<group>"; };
		6AA914281F78B7A80070D7AB /* ViewController.h */ = {isa = PBXFileReference; lastKnownFileType = sourcecode.c.h; path = ViewController.h; sourceTree = "<group>"; };
		6AA914291F78B7A80070D7AB /* ViewController.m */ = {isa = PBXFileReference; lastKnownFileType = sourcecode.c.objc; path = ViewController.m; sourceTree = "<group>"; };
		6AA9142C1F78B7A80070D7AB /* Base */ = {isa = PBXFileReference; lastKnownFileType = file.storyboard; name = Base; path = Base.lproj/Main.storyboard; sourceTree = "<group>"; };
		6AA9142E1F78B7A80070D7AB /* Assets.xcassets */ = {isa = PBXFileReference; lastKnownFileType = folder.assetcatalog; path = Assets.xcassets; sourceTree = "<group>"; };
		6AA914311F78B7A80070D7AB /* Base */ = {isa = PBXFileReference; lastKnownFileType = file.storyboard; name = Base; path = Base.lproj/LaunchScreen.storyboard; sourceTree = "<group>"; };
		6AA914331F78B7A80070D7AB /* Info.plist */ = {isa = PBXFileReference; lastKnownFileType = text.plist.xml; path = Info.plist; sourceTree = "<group>"; };
		6AA914341F78B7A80070D7AB /* main.m */ = {isa = PBXFileReference; lastKnownFileType = sourcecode.c.objc; path = main.m; sourceTree = "<group>"; };
		6AA914581F78C1E00070D7AB /* ZFCipher.h */ = {isa = PBXFileReference; lastKnownFileType = sourcecode.c.h; path = ZFCipher.h; sourceTree = "<group>"; };
		6AA914591F78C1E00070D7AB /* ZFCipher.m */ = {isa = PBXFileReference; lastKnownFileType = sourcecode.c.objc; path = ZFCipher.m; sourceTree = "<group>"; };
		6AA9145B1F78C2220070D7AB /* ZFBaseModel.h */ = {isa = PBXFileReference; lastKnownFileType = sourcecode.c.h; path = ZFBaseModel.h; sourceTree = "<group>"; };
		6AA9145C1F78C2220070D7AB /* ZFBaseModel.m */ = {isa = PBXFileReference; lastKnownFileType = sourcecode.c.objc; path = ZFBaseModel.m; sourceTree = "<group>"; };
		6AEF99CC1F81DB9B00C4C1ED /* ZFCipherView.h */ = {isa = PBXFileReference; lastKnownFileType = sourcecode.c.h; path = ZFCipherView.h; sourceTree = "<group>"; };
		6AEF99CD1F81DB9B00C4C1ED /* ZFCipherView.m */ = {isa = PBXFileReference; lastKnownFileType = sourcecode.c.objc; path = ZFCipherView.m; sourceTree = "<group>"; };
		6AEF99CF1F8204C600C4C1ED /* ZFCipherViewCell.h */ = {isa = PBXFileReference; lastKnownFileType = sourcecode.c.h; path = ZFCipherViewCell.h; sourceTree = "<group>"; };
		6AEF99D01F8204C600C4C1ED /* ZFCipherViewCell.m */ = {isa = PBXFileReference; lastKnownFileType = sourcecode.c.objc; path = ZFCipherViewCell.m; sourceTree = "<group>"; };
		6AEF99D21F832FC700C4C1ED /* ZFCipherFileHandle.h */ = {isa = PBXFileReference; lastKnownFileType = sourcecode.c.h; path = ZFCipherFileHandle.h; sourceTree = "<group>"; };
		6AEF99D31F832FC700C4C1ED /* ZFCipherFileHandle.m */ = {isa = PBXFileReference; lastKnownFileType = sourcecode.c.objc; path = ZFCipherFileHandle.m; sourceTree = "<group>"; };
/* End PBXFileReference section */

/* Begin PBXFrameworksBuildPhase section */
		6AA9141F1F78B7A80070D7AB /* Frameworks */ = {
			isa = PBXFrameworksBuildPhase;
			buildActionMask = 2147483647;
			files = (
				6A360E3B1F78D9480024A9E7 /* Foundation.framework in Frameworks */,
				6AEF99CB1F81D8C300C4C1ED /* SystemConfiguration.framework in Frameworks */,
			);
			runOnlyForDeploymentPostprocessing = 0;
		};
/* End PBXFrameworksBuildPhase section */

/* Begin PBXGroup section */
		6A360E3C1F78DBA20024A9E7 /* Vender */ = {
			isa = PBXGroup;
			children = (
				6A0DED1B1F79ED8B00C13BF2 /* Reachability.h */,
				6A0DED1C1F79ED8C00C13BF2 /* Reachability.m */,
			);
			path = Vender;
			sourceTree = "<group>";
		};
		6AA914191F78B7A80070D7AB = {
			isa = PBXGroup;
			children = (
				6A360E3C1F78DBA20024A9E7 /* Vender */,
				6AA914541F78C0E80070D7AB /* ViewModels */,
				6AA914551F78C0E80070D7AB /* ProductUI */,
				6AA914531F78C0E70070D7AB /* Models */,
				6AA914561F78C0E80070D7AB /* Resources */,
				6AA914241F78B7A80070D7AB /* CipherBook */,
				6AA914231F78B7A80070D7AB /* Products */,
				6AA914571F78C0E80070D7AB /* Frameworks */,
			);
			sourceTree = "<group>";
		};
		6AA914231F78B7A80070D7AB /* Products */ = {
			isa = PBXGroup;
			children = (
				6AA914221F78B7A80070D7AB /* CipherBook.app */,
			);
			name = Products;
			sourceTree = "<group>";
		};
		6AA914241F78B7A80070D7AB /* CipherBook */ = {
			isa = PBXGroup;
			children = (
				6AA914251F78B7A80070D7AB /* AppDelegate.h */,
				6AA914261F78B7A80070D7AB /* AppDelegate.m */,
				6AA914281F78B7A80070D7AB /* ViewController.h */,
				6AA914291F78B7A80070D7AB /* ViewController.m */,
				6AA9142B1F78B7A80070D7AB /* Main.storyboard */,
				6AA9142E1F78B7A80070D7AB /* Assets.xcassets */,
				6AA914301F78B7A80070D7AB /* LaunchScreen.storyboard */,
				6AA914331F78B7A80070D7AB /* Info.plist */,
				6AA914341F78B7A80070D7AB /* main.m */,
			);
			path = CipherBook;
			sourceTree = "<group>";
		};
		6AA914531F78C0E70070D7AB /* Models */ = {
			isa = PBXGroup;
			children = (
				6AA9145B1F78C2220070D7AB /* ZFBaseModel.h */,
				6AA9145C1F78C2220070D7AB /* ZFBaseModel.m */,
				6AA914581F78C1E00070D7AB /* ZFCipher.h */,
				6AA914591F78C1E00070D7AB /* ZFCipher.m */,
				6A0DED161F79E5D800C13BF2 /* ZFCipherGroup.h */,
				6A0DED171F79E5D800C13BF2 /* ZFCipherGroup.m */,
				6AEF99D21F832FC700C4C1ED /* ZFCipherFileHandle.h */,
				6AEF99D31F832FC700C4C1ED /* ZFCipherFileHandle.m */,
			);
			path = Models;
			sourceTree = "<group>";
		};
		6AA914541F78C0E80070D7AB /* ViewModels */ = {
			isa = PBXGroup;
			children = (
			);
			path = ViewModels;
			sourceTree = "<group>";
		};
		6AA914551F78C0E80070D7AB /* ProductUI */ = {
			isa = PBXGroup;
			children = (
				6AEF99CC1F81DB9B00C4C1ED /* ZFCipherView.h */,
				6AEF99CD1F81DB9B00C4C1ED /* ZFCipherView.m */,
				6AEF99CF1F8204C600C4C1ED /* ZFCipherViewCell.h */,
				6AEF99D01F8204C600C4C1ED /* ZFCipherViewCell.m */,
			);
			path = ProductUI;
			sourceTree = "<group>";
		};
		6AA914561F78C0E80070D7AB /* Resources */ = {
			isa = PBXGroup;
			children = (
			);
			path = Resources;
			sourceTree = "<group>";
		};
		6AA914571F78C0E80070D7AB /* Frameworks */ = {
			isa = PBXGroup;
			children = (
				6A0DED191F79ECBE00C13BF2 /* SystemConfiguration.framework */,
				6A360E3A1F78D9480024A9E7 /* Foundation.framework */,
			);
			path = Frameworks;
			sourceTree = "<group>";
		};
/* End PBXGroup section */

/* Begin PBXNativeTarget section */
		6AA914211F78B7A80070D7AB /* CipherBook */ = {
			isa = PBXNativeTarget;
			buildConfigurationList = 6AA914381F78B7A80070D7AB /* Build configuration list for PBXNativeTarget "CipherBook" */;
			buildPhases = (
				6AA9141E1F78B7A80070D7AB /* Sources */,
				6AA9141F1F78B7A80070D7AB /* Frameworks */,
				6AA914201F78B7A80070D7AB /* Resources */,
			);
			buildRules = (
			);
			dependencies = (
			);
			name = CipherBook;
			productName = CipherBook;
			productReference = 6AA914221F78B7A80070D7AB /* CipherBook.app */;
			productType = "com.apple.product-type.application";
		};
/* End PBXNativeTarget section */

/* Begin PBXProject section */
		6AA9141A1F78B7A80070D7AB /* Project object */ = {
			isa = PBXProject;
			attributes = {
				LastUpgradeCheck = 0900;
				ORGANIZATIONNAME = zhengfeng;
				TargetAttributes = {
					6AA914211F78B7A80070D7AB = {
						CreatedOnToolsVersion = 9.0;
						ProvisioningStyle = Automatic;
					};
				};
			};
			buildConfigurationList = 6AA9141D1F78B7A80070D7AB /* Build configuration list for PBXProject "CipherBook" */;
			compatibilityVersion = "Xcode 8.0";
			developmentRegion = en;
			hasScannedForEncodings = 0;
			knownRegions = (
				en,
				Base,
			);
			mainGroup = 6AA914191F78B7A80070D7AB;
			productRefGroup = 6AA914231F78B7A80070D7AB /* Products */;
			projectDirPath = "";
			projectRoot = "";
			targets = (
				6AA914211F78B7A80070D7AB /* CipherBook */,
			);
		};
/* End PBXProject section */

/* Begin PBXResourcesBuildPhase section */
		6AA914201F78B7A80070D7AB /* Resources */ = {
			isa = PBXResourcesBuildPhase;
			buildActionMask = 2147483647;
			files = (
				6AA914321F78B7A80070D7AB /* LaunchScreen.storyboard in Resources */,
				6AA9142F1F78B7A80070D7AB /* Assets.xcassets in Resources */,
				6AA9142D1F78B7A80070D7AB /* Main.storyboard in Resources */,
			);
			runOnlyForDeploymentPostprocessing = 0;
		};
/* End PBXResourcesBuildPhase section */

/* Begin PBXSourcesBuildPhase section */
		6AA9141E1F78B7A80070D7AB /* Sources */ = {
			isa = PBXSourcesBuildPhase;
			buildActionMask = 2147483647;
			files = (
				6AA9145D1F78C2220070D7AB /* ZFBaseModel.m in Sources */,
				6AA9145A1F78C1E00070D7AB /* ZFCipher.m in Sources */,
				6A0DED181F79E5D800C13BF2 /* ZFCipherGroup.m in Sources */,
				6A0DED1D1F79F1CB00C13BF2 /* Reachability.m in Sources */,
				6AA9142A1F78B7A80070D7AB /* ViewController.m in Sources */,
				6AA914351F78B7A80070D7AB /* main.m in Sources */,
				6AEF99D41F832FC700C4C1ED /* ZFCipherFileHandle.m in Sources */,
				6AA914271F78B7A80070D7AB /* AppDelegate.m in Sources */,
				6AEF99CE1F81DB9B00C4C1ED /* ZFCipherView.m in Sources */,
				6AEF99D11F8204C600C4C1ED /* ZFCipherViewCell.m in Sources */,
			);
			runOnlyForDeploymentPostprocessing = 0;
		};
/* End PBXSourcesBuildPhase section */

/* Begin PBXVariantGroup section */
		6AA9142B1F78B7A80070D7AB /* Main.storyboard */ = {
			isa = PBXVariantGroup;
			children = (
				6AA9142C1F78B7A80070D7AB /* Base */,
			);
			name = Main.storyboard;
			sourceTree = "<group>";
		};
		6AA914301F78B7A80070D7AB /* LaunchScreen.storyboard */ = {
			isa = PBXVariantGroup;
			children = (
				6AA914311F78B7A80070D7AB /* Base */,
			);
			name = LaunchScreen.storyboard;
			sourceTree = "<group>";
		};
/* End PBXVariantGroup section */

/* Begin XCBuildConfiguration section */
		6AA914361F78B7A80070D7AB /* Debug */ = {
			isa = XCBuildConfiguration;
			buildSettings = {
				ALWAYS_SEARCH_USER_PATHS = NO;
				CLANG_ANALYZER_NONNULL = YES;
				CLANG_ANALYZER_NUMBER_OBJECT_CONVERSION = YES_AGGRESSIVE;
				CLANG_CXX_LANGUAGE_STANDARD = "gnu++14";
				CLANG_CXX_LIBRARY = "libc++";
				CLANG_ENABLE_MODULES = YES;
				CLANG_ENABLE_OBJC_ARC = YES;
				CLANG_WARN_BLOCK_CAPTURE_AUTORELEASING = YES;
				CLANG_WARN_BOOL_CONVERSION = YES;
				CLANG_WARN_COMMA = YES;
				CLANG_WARN_CONSTANT_CONVERSION = YES;
				CLANG_WARN_DIRECT_OBJC_ISA_USAGE = YES_ERROR;
				CLANG_WARN_DOCUMENTATION_COMMENTS = YES;
				CLANG_WARN_EMPTY_BODY = YES;
				CLANG_WARN_ENUM_CONVERSION = YES;
				CLANG_WARN_INFINITE_RECURSION = YES;
				CLANG_WARN_INT_CONVERSION = YES;
				CLANG_WARN_NON_LITERAL_NULL_CONVERSION = YES;
				CLANG_WARN_OBJC_LITERAL_CONVERSION = YES;
				CLANG_WARN_OBJC_ROOT_CLASS = YES_ERROR;
				CLANG_WARN_RANGE_LOOP_ANALYSIS = YES;
				CLANG_WARN_STRICT_PROTOTYPES = YES;
				CLANG_WARN_SUSPICIOUS_MOVE = YES;
				CLANG_WARN_UNGUARDED_AVAILABILITY = YES_AGGRESSIVE;
				CLANG_WARN_UNREACHABLE_CODE = YES;
				CLANG_WARN__DUPLICATE_METHOD_MATCH = YES;
				CODE_SIGN_IDENTITY = "iPhone Developer";
				COPY_PHASE_STRIP = NO;
				DEBUG_INFORMATION_FORMAT = dwarf;
				ENABLE_STRICT_OBJC_MSGSEND = YES;
				ENABLE_TESTABILITY = YES;
				GCC_C_LANGUAGE_STANDARD = gnu11;
				GCC_DYNAMIC_NO_PIC = NO;
				GCC_NO_COMMON_BLOCKS = YES;
				GCC_OPTIMIZATION_LEVEL = 0;
				GCC_PREPROCESSOR_DEFINITIONS = (
					"DEBUG=1",
					"$(inherited)",
				);
				GCC_WARN_64_TO_32_BIT_CONVERSION = YES;
				GCC_WARN_ABOUT_RETURN_TYPE = YES_ERROR;
				GCC_WARN_UNDECLARED_SELECTOR = YES;
				GCC_WARN_UNINITIALIZED_AUTOS = YES_AGGRESSIVE;
				GCC_WARN_UNUSED_FUNCTION = YES;
				GCC_WARN_UNUSED_VARIABLE = YES;
				IPHONEOS_DEPLOYMENT_TARGET = 11.0;
				MTL_ENABLE_DEBUG_INFO = YES;
				ONLY_ACTIVE_ARCH = YES;
				SDKROOT = iphoneos;
			};
			name = Debug;
		};
		6AA914371F78B7A80070D7AB /* Release */ = {
			isa = XCBuildConfiguration;
			buildSettings = {
				ALWAYS_SEARCH_USER_PATHS = NO;
				CLANG_ANALYZER_NONNULL = YES;
				CLANG_ANALYZER_NUMBER_OBJECT_CONVERSION = YES_AGGRESSIVE;
				CLANG_CXX_LANGUAGE_STANDARD = "gnu++14";
				CLANG_CXX_LIBRARY = "libc++";
				CLANG_ENABLE_MODULES = YES;
				CLANG_ENABLE_OBJC_ARC = YES;
				CLANG_WARN_BLOCK_CAPTURE_AUTORELEASING = YES;
				CLANG_WARN_BOOL_CONVERSION = YES;
				CLANG_WARN_COMMA = YES;
				CLANG_WARN_CONSTANT_CONVERSION = YES;
				CLANG_WARN_DIRECT_OBJC_ISA_USAGE = YES_ERROR;
				CLANG_WARN_DOCUMENTATION_COMMENTS = YES;
				CLANG_WARN_EMPTY_BODY = YES;
				CLANG_WARN_ENUM_CONVERSION = YES;
				CLANG_WARN_INFINITE_RECURSION = YES;
				CLANG_WARN_INT_CONVERSION = YES;
				CLANG_WARN_NON_LITERAL_NULL_CONVERSION = YES;
				CLANG_WARN_OBJC_LITERAL_CONVERSION = YES;
				CLANG_WARN_OBJC_ROOT_CLASS = YES_ERROR;
				CLANG_WARN_RANGE_LOOP_ANALYSIS = YES;
				CLANG_WARN_STRICT_PROTOTYPES = YES;
				CLANG_WARN_SUSPICIOUS_MOVE = YES;
				CLANG_WARN_UNGUARDED_AVAILABILITY = YES_AGGRESSIVE;
				CLANG_WARN_UNREACHABLE_CODE = YES;
				CLANG_WARN__DUPLICATE_METHOD_MATCH = YES;
				CODE_SIGN_IDENTITY = "iPhone Developer";
				COPY_PHASE_STRIP = NO;
				DEBUG_INFORMATION_FORMAT = "dwarf-with-dsym";
				ENABLE_NS_ASSERTIONS = NO;
				ENABLE_STRICT_OBJC_MSGSEND = YES;
				GCC_C_LANGUAGE_STANDARD = gnu11;
				GCC_NO_COMMON_BLOCKS = YES;
				GCC_WARN_64_TO_32_BIT_CONVERSION = YES;
				GCC_WARN_ABOUT_RETURN_TYPE = YES_ERROR;
				GCC_WARN_UNDECLARED_SELECTOR = YES;
				GCC_WARN_UNINITIALIZED_AUTOS = YES_AGGRESSIVE;
				GCC_WARN_UNUSED_FUNCTION = YES;
				GCC_WARN_UNUSED_VARIABLE = YES;
				IPHONEOS_DEPLOYMENT_TARGET = 11.0;
				MTL_ENABLE_DEBUG_INFO = NO;
				SDKROOT = iphoneos;
				VALIDATE_PRODUCT = YES;
			};
			name = Release;
		};
		6AA914391F78B7A80070D7AB /* Debug */ = {
			isa = XCBuildConfiguration;
			buildSettings = {
				ASSETCATALOG_COMPILER_APPICON_NAME = AppIcon;
				CODE_SIGN_STYLE = Automatic;
				DEVELOPMENT_TEAM = GVH7JZXR3Q;
				INFOPLIST_FILE = CipherBook/Info.plist;
				IPHONEOS_DEPLOYMENT_TARGET = 9.0;
				LD_RUNPATH_SEARCH_PATHS = "$(inherited) @executable_path/Frameworks";
				PRODUCT_BUNDLE_IDENTIFIER = com.mango.CipherBook;
				PRODUCT_NAME = "$(TARGET_NAME)";
				TARGETED_DEVICE_FAMILY = "1,2";
			};
			name = Debug;
		};
		6AA9143A1F78B7A80070D7AB /* Release */ = {
			isa = XCBuildConfiguration;
			buildSettings = {
				ASSETCATALOG_COMPILER_APPICON_NAME = AppIcon;
				CODE_SIGN_STYLE = Automatic;
				DEVELOPMENT_TEAM = GVH7JZXR3Q;
				INFOPLIST_FILE = CipherBook/Info.plist;
				IPHONEOS_DEPLOYMENT_TARGET = 9.0;
				LD_RUNPATH_SEARCH_PATHS = "$(inherited) @executable_path/Frameworks";
				PRODUCT_BUNDLE_IDENTIFIER = com.mango.CipherBook;
				PRODUCT_NAME = "$(TARGET_NAME)";
				TARGETED_DEVICE_FAMILY = "1,2";
			};
			name = Release;
		};
/* End XCBuildConfiguration section */

/* Begin XCConfigurationList section */
		6AA9141D1F78B7A80070D7AB /* Build configuration list for PBXProject "CipherBook" */ = {
			isa = XCConfigurationList;
			buildConfigurations = (
				6AA914361F78B7A80070D7AB /* Debug */,
				6AA914371F78B7A80070D7AB /* Release */,
			);
			defaultConfigurationIsVisible = 0;
			defaultConfigurationName = Release;
		};
		6AA914381F78B7A80070D7AB /* Build configuration list for PBXNativeTarget "CipherBook" */ = {
			isa = XCConfigurationList;
			buildConfigurations = (
				6AA914391F78B7A80070D7AB /* Debug */,
				6AA9143A1F78B7A80070D7AB /* Release */,
			);
			defaultConfigurationIsVisible = 0;
			defaultConfigurationName = Release;
		};
/* End XCConfigurationList section */
	};
	rootObject = 6AA9141A1F78B7A80070D7AB /* Project object */;
}
