PODS:
  - Module (1.0.0):
    - Module/First (= 1.0.0)
    - Module/Fourth (= 1.0.0)
    - Module/Second (= 1.0.0)
    - Module/Third (= 1.0.0)
    - Module/Tool (= 1.0.0)
  - Module/First (1.0.0)
  - Module/Fourth (1.0.0)
  - Module/Second (1.0.0)
  - Module/Third (1.0.0)
  - Module/Tool (1.0.0)
  - Mycategory (1.0.0)
  - Server (1.0.1):
    - Server/Http (= 1.0.1)
    - Server/Socket (= 1.0.1)
  - Server/Http (1.0.1)
  - Server/Socket (1.0.1)

DEPENDENCIES:
  - Module (from `../Module`)
  - Mycategory (from `../Mycategory`)
  - Server (from `../Server`)

EXTERNAL SOURCES:
  Module:
    :path: "../Module"
  Mycategory:
    :path: "../Mycategory"
  Server:
    :path: "../Server"

SPEC CHECKSUMS:
  Module: 5c2dca42a554c35d04da20e89828240f26677c65
  Mycategory: b8833a728aa04511c6fff5bb79c6a3d234a431de
  Server: 65d2bddd36a8076ab25871e41d7fe9797bac13d6

PODFILE CHECKSUM: 599999e2902d71c56f6030be2c132dd54024dc9a

COCOAPODS: 1.2.0.rc.1
